
Microsoft Visual Studio Solution File, Format Version 12.00
# Visual Studio Version 17
VisualStudioVersion = 17.11.35303.130
MinimumVisualStudioVersion = 10.0.40219.1
Project("{2150E333-8FDC-42A3-9474-1A3956D46DE8}") = "Task0", "Task0", "{9EC8A902-EC79-4FC5-8E95-4CFD2372ED92}"
EndProject
Project("{9A19103F-16F7-4668-BE54-9A1E7A4F7556}") = "Tyuiu.PuzinaDA.Sprint1.Task0.V16.Lib", "Tyuiu.PuzinaDA.Sprint1.Task0.V16.Lib\Tyuiu.PuzinaDA.Sprint1.Task0.V16.Lib.csproj", "{C1DC6D4B-DD01-4553-8A7D-2DCB009A869E}"
EndProject
Project("{9A19103F-16F7-4668-BE54-9A1E7A4F7556}") = "Tyuiu.PuzinaDA.Sprint1.Task0.V16.Test", "Tyuiu.PuzinaDA.Sprint1.Task0.V16.Test\Tyuiu.PuzinaDA.Sprint1.Task0.V16.Test.csproj", "{FF144493-480C-4753-ACCB-EDC2733A1B13}"
EndProject
Project("{9A19103F-16F7-4668-BE54-9A1E7A4F7556}") = "Tyuiu.PuzinaDA.Sprint1.Task0.V16", "Tyuiu.PuzinaDA.Sprint1.Task0.V16\Tyuiu.PuzinaDA.Sprint1.Task0.V16.csproj", "{E64FF981-2999-4BB2-9974-F648F763385A}"
EndProject
Project("{2150E333-8FDC-42A3-9474-1A3956D46DE8}") = "Task1", "Task1", "{EB871439-6D30-46A5-9F83-119D5C6A4777}"
EndProject
Project("{9A19103F-16F7-4668-BE54-9A1E7A4F7556}") = "Tyuiu.PuzinaDA.Sprint1.Task1.V14", "Tyuiu.PuzinaDA.Sprint1.Task1.V14\Tyuiu.PuzinaDA.Sprint1.Task1.V14.csproj", "{5B0C4BDD-A199-42AE-90E5-D6E019DBEA7B}"
EndProject
Project("{9A19103F-16F7-4668-BE54-9A1E7A4F7556}") = "Tyuiu.PuzinaDA.Sprint1.Task1.V14.Test", "Tyuiu.PuzinaDA.Sprint1.Task1.V14.Test\Tyuiu.PuzinaDA.Sprint1.Task1.V14.Test.csproj", "{364AA18B-2C60-4CB2-95F1-845F1C18EBE5}"
EndProject
Project("{9A19103F-16F7-4668-BE54-9A1E7A4F7556}") = "Tyuiu.PuzinaDA.Sprint1.Task1.V14.Lib", "Tyuiu.PuzinaDA.Sprint1.Task1.V14.Lib\Tyuiu.PuzinaDA.Sprint1.Task1.V14.Lib.csproj", "{75B03045-B522-4AD1-884E-668E2F33F286}"
EndProject
Project("{2150E333-8FDC-42A3-9474-1A3956D46DE8}") = "Task2", "Task2", "{6936A63E-D90F-4ED5-891E-1930D7C4AB06}"
EndProject
Project("{9A19103F-16F7-4668-BE54-9A1E7A4F7556}") = "Tyuiu.PuzinaDA.Sprint1.Task2.V13.Lib", "Tyuiu.PuzinaDA.Sprint1.Task2.V13.Lib\Tyuiu.PuzinaDA.Sprint1.Task2.V13.Lib.csproj", "{6EFC357F-D975-48C2-9010-2DF93F9BDA48}"
EndProject
Project("{9A19103F-16F7-4668-BE54-9A1E7A4F7556}") = "Tyuiu.PuzinaDA.Sprint1.Task2.V13.Test", "Tyuiu.PuzinaDA.Sprint1.Task2.V13.Test\Tyuiu.PuzinaDA.Sprint1.Task2.V13.Test.csproj", "{24330DC9-D496-4FA5-BD9B-4709DF3E5D59}"
EndProject
Project("{9A19103F-16F7-4668-BE54-9A1E7A4F7556}") = "Tyuiu.PuzinaDA.Sprint1.Task2.V13", "Tyuiu.PuzinaDA.Sprint1.Task2.V13\Tyuiu.PuzinaDA.Sprint1.Task2.V13.csproj", "{A6257EAF-F18E-4F50-8111-998516865110}"
EndProject
Project("{2150E333-8FDC-42A3-9474-1A3956D46DE8}") = "Task3", "Task3", "{2FF1F6AA-6253-44D5-ADC7-7C61CA61AF2E}"
EndProject
Project("{9A19103F-16F7-4668-BE54-9A1E7A4F7556}") = "Tyuiu.PuzinaDA.Sprint1.Task3.V5", "Tyuiu.PuzinaDA.Sprint1.Task3.V5\Tyuiu.PuzinaDA.Sprint1.Task3.V5.csproj", "{A0B366F4-80EC-4252-A8A6-7F4D888A1EDB}"
EndProject
Project("{9A19103F-16F7-4668-BE54-9A1E7A4F7556}") = "Tyuiu.PuzinaDA.Sprint1.Task3.V5.Test", "Tyuiu.PuzinaDA.Sprint1.Task3.V5.Test\Tyuiu.PuzinaDA.Sprint1.Task3.V5.Test.csproj", "{0FBE2594-168C-4BC7-AA47-F3B8539D3256}"
EndProject
Project("{9A19103F-16F7-4668-BE54-9A1E7A4F7556}") = "Tyuiu.PuzinaDA.Sprint1.Task3.V5.Lib", "Tyuiu.PuzinaDA.Sprint1.Task3.V5.Lib\Tyuiu.PuzinaDA.Sprint1.Task3.V5.Lib.csproj", "{6768BC6B-2E46-4C97-9142-8F76FA0C373C}"
EndProject
Project("{2150E333-8FDC-42A3-9474-1A3956D46DE8}") = "Task4", "Task4", "{F1410185-B429-45B9-B8D2-8056DF09F02B}"
EndProject
Project("{9A19103F-16F7-4668-BE54-9A1E7A4F7556}") = "Tyuiu.PuzinaDA.Sprint1.Task4.V19.Lib", "Tyuiu.PuzinaDA.Sprint1.Task4.V19.Lib\Tyuiu.PuzinaDA.Sprint1.Task4.V19.Lib.csproj", "{0BC97720-3F7F-4078-B47C-A9559092C6E7}"
EndProject
Project("{9A19103F-16F7-4668-BE54-9A1E7A4F7556}") = "Tyuiu.PuzinaDA.Sprint1.Task4.V19.Test", "Tyuiu.PuzinaDA.Sprint1.Task4.V19.Test\Tyuiu.PuzinaDA.Sprint1.Task4.V19.Test.csproj", "{EF71C15B-F00B-48DD-A546-E09A0FD3E6DC}"
EndProject
Project("{9A19103F-16F7-4668-BE54-9A1E7A4F7556}") = "Tyuiu.PuzinaDA.Sprint1.Task4.V19", "Tyuiu.PuzinaDA.Sprint1.Task4.V19\Tyuiu.PuzinaDA.Sprint1.Task4.V19.csproj", "{0D124028-5CAA-4D73-AFFC-7897B1AA7285}"
EndProject
Project("{2150E333-8FDC-42A3-9474-1A3956D46DE8}") = "Task5", "Task5", "{1985C37B-948C-4C68-B2AD-9B356405298B}"
EndProject
Project("{9A19103F-16F7-4668-BE54-9A1E7A4F7556}") = "Tyuiu.PuzinaDA.Sprint1.Task5.V6", "Tyuiu.PuzinaDA.Sprint1.Task5.V6\Tyuiu.PuzinaDA.Sprint1.Task5.V6.csproj", "{AB209558-F319-467D-9D90-625E374EDF5F}"
EndProject
Project("{9A19103F-16F7-4668-BE54-9A1E7A4F7556}") = "Tyuiu.PuzinaDA.Sprint1.Task5.V6.Test", "Tyuiu.PuzinaDA.Sprint1.Task5.V6.Test\Tyuiu.PuzinaDA.Sprint1.Task5.V6.Test.csproj", "{F6158414-9639-482A-B422-BC637ABB09F4}"
EndProject
Project("{9A19103F-16F7-4668-BE54-9A1E7A4F7556}") = "Tyuiu.PuzinaDA.Sprint1.Task5.V6.Lib", "Tyuiu.PuzinaDA.Sprint1.Task5.V6.Lib\Tyuiu.PuzinaDA.Sprint1.Task5.V6.Lib.csproj", "{965ABC44-F98D-4250-8609-392CEB6DF353}"
EndProject
Project("{2150E333-8FDC-42A3-9474-1A3956D46DE8}") = "Task6", "Task6", "{C8001810-DF4E-412B-B791-AE6E18AEB304}"
EndProject
Project("{FAE04EC0-301F-11D3-BF4B-00C04F79EFBC}") = "Tyuiu.PuzinaDA.Sprint1.Task6.V14.Test", "Tyuiu.PuzinaDA.Sprint1.Task6.V14.Test\Tyuiu.PuzinaDA.Sprint1.Task6.V14.Test.csproj", "{FCB2F95E-AE74-4755-9C57-9477B60E16A8}"
EndProject
Project("{FAE04EC0-301F-11D3-BF4B-00C04F79EFBC}") = "Tyuiu.PuzinaDA.Sprint1.Task6.V14.Lib", "Tyuiu.PuzinaDA.Sprint1.Task6.V14.Lib\Tyuiu.PuzinaDA.Sprint1.Task6.V14.Lib.csproj", "{37DF27EA-CC2B-4D2F-95F1-33B0F5BD8515}"
EndProject
Project("{FAE04EC0-301F-11D3-BF4B-00C04F79EFBC}") = "Tyuiu.PuzinaDA.Sprint1.Task6.V14", "Tyuiu.PuzinaDA.Sprint1.Task6.V14\Tyuiu.PuzinaDA.Sprint1.Task6.V14.csproj", "{15476BE6-557F-4994-9B83-E4E1541E0A0B}"
EndProject
Global
	GlobalSection(SolutionConfigurationPlatforms) = preSolution
		Debug|Any CPU = Debug|Any CPU
		Release|Any CPU = Release|Any CPU
	EndGlobalSection
	GlobalSection(ProjectConfigurationPlatforms) = postSolution
		{C1DC6D4B-DD01-4553-8A7D-2DCB009A869E}.Debug|Any CPU.ActiveCfg = Debug|Any CPU
		{C1DC6D4B-DD01-4553-8A7D-2DCB009A869E}.Debug|Any CPU.Build.0 = Debug|Any CPU
		{C1DC6D4B-DD01-4553-8A7D-2DCB009A869E}.Release|Any CPU.ActiveCfg = Release|Any CPU
		{C1DC6D4B-DD01-4553-8A7D-2DCB009A869E}.Release|Any CPU.Build.0 = Release|Any CPU
		{FF144493-480C-4753-ACCB-EDC2733A1B13}.Debug|Any CPU.ActiveCfg = Debug|Any CPU
		{FF144493-480C-4753-ACCB-EDC2733A1B13}.Debug|Any CPU.Build.0 = Debug|Any CPU
		{FF144493-480C-4753-ACCB-EDC2733A1B13}.Release|Any CPU.ActiveCfg = Release|Any CPU
		{FF144493-480C-4753-ACCB-EDC2733A1B13}.Release|Any CPU.Build.0 = Release|Any CPU
		{E64FF981-2999-4BB2-9974-F648F763385A}.Debug|Any CPU.ActiveCfg = Debug|Any CPU
		{E64FF981-2999-4BB2-9974-F648F763385A}.Debug|Any CPU.Build.0 = Debug|Any CPU
		{E64FF981-2999-4BB2-9974-F648F763385A}.Release|Any CPU.ActiveCfg = Release|Any CPU
		{E64FF981-2999-4BB2-9974-F648F763385A}.Release|Any CPU.Build.0 = Release|Any CPU
		{5B0C4BDD-A199-42AE-90E5-D6E019DBEA7B}.Debug|Any CPU.ActiveCfg = Debug|Any CPU
		{5B0C4BDD-A199-42AE-90E5-D6E019DBEA7B}.Debug|Any CPU.Build.0 = Debug|Any CPU
		{5B0C4BDD-A199-42AE-90E5-D6E019DBEA7B}.Release|Any CPU.ActiveCfg = Release|Any CPU
		{5B0C4BDD-A199-42AE-90E5-D6E019DBEA7B}.Release|Any CPU.Build.0 = Release|Any CPU
		{364AA18B-2C60-4CB2-95F1-845F1C18EBE5}.Debug|Any CPU.ActiveCfg = Debug|Any CPU
		{364AA18B-2C60-4CB2-95F1-845F1C18EBE5}.Debug|Any CPU.Build.0 = Debug|Any CPU
		{364AA18B-2C60-4CB2-95F1-845F1C18EBE5}.Release|Any CPU.ActiveCfg = Release|Any CPU
		{364AA18B-2C60-4CB2-95F1-845F1C18EBE5}.Release|Any CPU.Build.0 = Release|Any CPU
		{75B03045-B522-4AD1-884E-668E2F33F286}.Debug|Any CPU.ActiveCfg = Debug|Any CPU
		{75B03045-B522-4AD1-884E-668E2F33F286}.Debug|Any CPU.Build.0 = Debug|Any CPU
		{75B03045-B522-4AD1-884E-668E2F33F286}.Release|Any CPU.ActiveCfg = Release|Any CPU
		{75B03045-B522-4AD1-884E-668E2F33F286}.Release|Any CPU.Build.0 = Release|Any CPU
		{6EFC357F-D975-48C2-9010-2DF93F9BDA48}.Debug|Any CPU.ActiveCfg = Debug|Any CPU
		{6EFC357F-D975-48C2-9010-2DF93F9BDA48}.Debug|Any CPU.Build.0 = Debug|Any CPU
		{6EFC357F-D975-48C2-9010-2DF93F9BDA48}.Release|Any CPU.ActiveCfg = Release|Any CPU
		{6EFC357F-D975-48C2-9010-2DF93F9BDA48}.Release|Any CPU.Build.0 = Release|Any CPU
		{24330DC9-D496-4FA5-BD9B-4709DF3E5D59}.Debug|Any CPU.ActiveCfg = Debug|Any CPU
		{24330DC9-D496-4FA5-BD9B-4709DF3E5D59}.Debug|Any CPU.Build.0 = Debug|Any CPU
		{24330DC9-D496-4FA5-BD9B-4709DF3E5D59}.Release|Any CPU.ActiveCfg = Release|Any CPU
		{24330DC9-D496-4FA5-BD9B-4709DF3E5D59}.Release|Any CPU.Build.0 = Release|Any CPU
		{A6257EAF-F18E-4F50-8111-998516865110}.Debug|Any CPU.ActiveCfg = Debug|Any CPU
		{A6257EAF-F18E-4F50-8111-998516865110}.Debug|Any CPU.Build.0 = Debug|Any CPU
		{A6257EAF-F18E-4F50-8111-998516865110}.Release|Any CPU.ActiveCfg = Release|Any CPU
		{A6257EAF-F18E-4F50-8111-998516865110}.Release|Any CPU.Build.0 = Release|Any CPU
		{A0B366F4-80EC-4252-A8A6-7F4D888A1EDB}.Debug|Any CPU.ActiveCfg = Debug|Any CPU
		{A0B366F4-80EC-4252-A8A6-7F4D888A1EDB}.Debug|Any CPU.Build.0 = Debug|Any CPU
		{A0B366F4-80EC-4252-A8A6-7F4D888A1EDB}.Release|Any CPU.ActiveCfg = Release|Any CPU
		{A0B366F4-80EC-4252-A8A6-7F4D888A1EDB}.Release|Any CPU.Build.0 = Release|Any CPU
		{0FBE2594-168C-4BC7-AA47-F3B8539D3256}.Debug|Any CPU.ActiveCfg = Debug|Any CPU
		{0FBE2594-168C-4BC7-AA47-F3B8539D3256}.Debug|Any CPU.Build.0 = Debug|Any CPU
		{0FBE2594-168C-4BC7-AA47-F3B8539D3256}.Release|Any CPU.ActiveCfg = Release|Any CPU
		{0FBE2594-168C-4BC7-AA47-F3B8539D3256}.Release|Any CPU.Build.0 = Release|Any CPU
		{6768BC6B-2E46-4C97-9142-8F76FA0C373C}.Debug|Any CPU.ActiveCfg = Debug|Any CPU
		{6768BC6B-2E46-4C97-9142-8F76FA0C373C}.Debug|Any CPU.Build.0 = Debug|Any CPU
		{6768BC6B-2E46-4C97-9142-8F76FA0C373C}.Release|Any CPU.ActiveCfg = Release|Any CPU
		{6768BC6B-2E46-4C97-9142-8F76FA0C373C}.Release|Any CPU.Build.0 = Release|Any CPU
		{0BC97720-3F7F-4078-B47C-A9559092C6E7}.Debug|Any CPU.ActiveCfg = Debug|Any CPU
		{0BC97720-3F7F-4078-B47C-A9559092C6E7}.Debug|Any CPU.Build.0 = Debug|Any CPU
		{0BC97720-3F7F-4078-B47C-A9559092C6E7}.Release|Any CPU.ActiveCfg = Release|Any CPU
		{0BC97720-3F7F-4078-B47C-A9559092C6E7}.Release|Any CPU.Build.0 = Release|Any CPU
		{EF71C15B-F00B-48DD-A546-E09A0FD3E6DC}.Debug|Any CPU.ActiveCfg = Debug|Any CPU
		{EF71C15B-F00B-48DD-A546-E09A0FD3E6DC}.Debug|Any CPU.Build.0 = Debug|Any CPU
		{EF71C15B-F00B-48DD-A546-E09A0FD3E6DC}.Release|Any CPU.ActiveCfg = Release|Any CPU
		{EF71C15B-F00B-48DD-A546-E09A0FD3E6DC}.Release|Any CPU.Build.0 = Release|Any CPU
		{0D124028-5CAA-4D73-AFFC-7897B1AA7285}.Debug|Any CPU.ActiveCfg = Debug|Any CPU
		{0D124028-5CAA-4D73-AFFC-7897B1AA7285}.Debug|Any CPU.Build.0 = Debug|Any CPU
		{0D124028-5CAA-4D73-AFFC-7897B1AA7285}.Release|Any CPU.ActiveCfg = Release|Any CPU
		{0D124028-5CAA-4D73-AFFC-7897B1AA7285}.Release|Any CPU.Build.0 = Release|Any CPU
		{AB209558-F319-467D-9D90-625E374EDF5F}.Debug|Any CPU.ActiveCfg = Debug|Any CPU
		{AB209558-F319-467D-9D90-625E374EDF5F}.Debug|Any CPU.Build.0 = Debug|Any CPU
		{AB209558-F319-467D-9D90-625E374EDF5F}.Release|Any CPU.ActiveCfg = Release|Any CPU
		{AB209558-F319-467D-9D90-625E374EDF5F}.Release|Any CPU.Build.0 = Release|Any CPU
		{F6158414-9639-482A-B422-BC637ABB09F4}.Debug|Any CPU.ActiveCfg = Debug|Any CPU
		{F6158414-9639-482A-B422-BC637ABB09F4}.Debug|Any CPU.Build.0 = Debug|Any CPU
		{F6158414-9639-482A-B422-BC637ABB09F4}.Release|Any CPU.ActiveCfg = Release|Any CPU
		{F6158414-9639-482A-B422-BC637ABB09F4}.Release|Any CPU.Build.0 = Release|Any CPU
		{965ABC44-F98D-4250-8609-392CEB6DF353}.Debug|Any CPU.ActiveCfg = Debug|Any CPU
		{965ABC44-F98D-4250-8609-392CEB6DF353}.Debug|Any CPU.Build.0 = Debug|Any CPU
		{965ABC44-F98D-4250-8609-392CEB6DF353}.Release|Any CPU.ActiveCfg = Release|Any CPU
		{965ABC44-F98D-4250-8609-392CEB6DF353}.Release|Any CPU.Build.0 = Release|Any CPU
		{FCB2F95E-AE74-4755-9C57-9477B60E16A8}.Debug|Any CPU.ActiveCfg = Debug|Any CPU
		{FCB2F95E-AE74-4755-9C57-9477B60E16A8}.Debug|Any CPU.Build.0 = Debug|Any CPU
		{FCB2F95E-AE74-4755-9C57-9477B60E16A8}.Release|Any CPU.ActiveCfg = Release|Any CPU
		{FCB2F95E-AE74-4755-9C57-9477B60E16A8}.Release|Any CPU.Build.0 = Release|Any CPU
		{37DF27EA-CC2B-4D2F-95F1-33B0F5BD8515}.Debug|Any CPU.ActiveCfg = Debug|Any CPU
		{37DF27EA-CC2B-4D2F-95F1-33B0F5BD8515}.Debug|Any CPU.Build.0 = Debug|Any CPU
		{37DF27EA-CC2B-4D2F-95F1-33B0F5BD8515}.Release|Any CPU.ActiveCfg = Release|Any CPU
		{37DF27EA-CC2B-4D2F-95F1-33B0F5BD8515}.Release|Any CPU.Build.0 = Release|Any CPU
		{15476BE6-557F-4994-9B83-E4E1541E0A0B}.Debug|Any CPU.ActiveCfg = Debug|Any CPU
		{15476BE6-557F-4994-9B83-E4E1541E0A0B}.Debug|Any CPU.Build.0 = Debug|Any CPU
		{15476BE6-557F-4994-9B83-E4E1541E0A0B}.Release|Any CPU.ActiveCfg = Release|Any CPU
		{15476BE6-557F-4994-9B83-E4E1541E0A0B}.Release|Any CPU.Build.0 = Release|Any CPU
	EndGlobalSection
	GlobalSection(SolutionProperties) = preSolution
		HideSolutionNode = FALSE
	EndGlobalSection
	GlobalSection(NestedProjects) = preSolution
		{C1DC6D4B-DD01-4553-8A7D-2DCB009A869E} = {9EC8A902-EC79-4FC5-8E95-4CFD2372ED92}
		{FF144493-480C-4753-ACCB-EDC2733A1B13} = {9EC8A902-EC79-4FC5-8E95-4CFD2372ED92}
		{E64FF981-2999-4BB2-9974-F648F763385A} = {9EC8A902-EC79-4FC5-8E95-4CFD2372ED92}
		{5B0C4BDD-A199-42AE-90E5-D6E019DBEA7B} = {EB871439-6D30-46A5-9F83-119D5C6A4777}
		{364AA18B-2C60-4CB2-95F1-845F1C18EBE5} = {EB871439-6D30-46A5-9F83-119D5C6A4777}
		{75B03045-B522-4AD1-884E-668E2F33F286} = {EB871439-6D30-46A5-9F83-119D5C6A4777}
		{6EFC357F-D975-48C2-9010-2DF93F9BDA48} = {6936A63E-D90F-4ED5-891E-1930D7C4AB06}
		{24330DC9-D496-4FA5-BD9B-4709DF3E5D59} = {6936A63E-D90F-4ED5-891E-1930D7C4AB06}
		{A6257EAF-F18E-4F50-8111-998516865110} = {6936A63E-D90F-4ED5-891E-1930D7C4AB06}
		{A0B366F4-80EC-4252-A8A6-7F4D888A1EDB} = {2FF1F6AA-6253-44D5-ADC7-7C61CA61AF2E}
		{0FBE2594-168C-4BC7-AA47-F3B8539D3256} = {2FF1F6AA-6253-44D5-ADC7-7C61CA61AF2E}
		{6768BC6B-2E46-4C97-9142-8F76FA0C373C} = {2FF1F6AA-6253-44D5-ADC7-7C61CA61AF2E}
		{0BC97720-3F7F-4078-B47C-A9559092C6E7} = {F1410185-B429-45B9-B8D2-8056DF09F02B}
		{EF71C15B-F00B-48DD-A546-E09A0FD3E6DC} = {F1410185-B429-45B9-B8D2-8056DF09F02B}
		{0D124028-5CAA-4D73-AFFC-7897B1AA7285} = {F1410185-B429-45B9-B8D2-8056DF09F02B}
		{AB209558-F319-467D-9D90-625E374EDF5F} = {1985C37B-948C-4C68-B2AD-9B356405298B}
		{F6158414-9639-482A-B422-BC637ABB09F4} = {1985C37B-948C-4C68-B2AD-9B356405298B}
		{965ABC44-F98D-4250-8609-392CEB6DF353} = {1985C37B-948C-4C68-B2AD-9B356405298B}
		{FCB2F95E-AE74-4755-9C57-9477B60E16A8} = {C8001810-DF4E-412B-B791-AE6E18AEB304}
		{37DF27EA-CC2B-4D2F-95F1-33B0F5BD8515} = {C8001810-DF4E-412B-B791-AE6E18AEB304}
		{15476BE6-557F-4994-9B83-E4E1541E0A0B} = {C8001810-DF4E-412B-B791-AE6E18AEB304}
	EndGlobalSection
	GlobalSection(ExtensibilityGlobals) = postSolution
		SolutionGuid = {3AD149DB-89F9-412B-BB6B-3109460C9430}
	EndGlobalSection
EndGlobal
